
Microsoft Visual Studio Solution File, Format Version 12.00
# Visual Studio 15
VisualStudioVersion = 15.0.28307.1022
MinimumVisualStudioVersion = 10.0.40219.1
Project("{FAE04EC0-301F-11D3-BF4B-00C04F79EFBC}") = "Zadatak_1", "Zadatak_1\Zadatak_1.csproj", "{C164D7A5-EFC6-43CB-A874-CBDC4A787AA3}"
EndProject
Global
	GlobalSection(SolutionConfigurationPlatforms) = preSolution
		Debug|Any CPU = Debug|Any CPU
		Release|Any CPU = Release|Any CPU
	EndGlobalSection
	GlobalSection(ProjectConfigurationPlatforms) = postSolution
		{C164D7A5-EFC6-43CB-A874-CBDC4A787AA3}.Debug|Any CPU.ActiveCfg = Debug|Any CPU
		{C164D7A5-EFC6-43CB-A874-CBDC4A787AA3}.Debug|Any CPU.Build.0 = Debug|Any CPU
		{C164D7A5-EFC6-43CB-A874-CBDC4A787AA3}.Release|Any CPU.ActiveCfg = Release|Any CPU
		{C164D7A5-EFC6-43CB-A874-CBDC4A787AA3}.Release|Any CPU.Build.0 = Release|Any CPU
	EndGlobalSection
	GlobalSection(SolutionProperties) = preSolution
		HideSolutionNode = FALSE
	EndGlobalSection
	GlobalSection(ExtensibilityGlobals) = postSolution
		SolutionGuid = {D07BCCA2-1C25-403A-87AC-F421495DB895}
	EndGlobalSection
EndGlobal
